
Microsoft Visual Studio Solution File, Format Version 12.00
# Visual Studio 15
VisualStudioVersion = 15.0.27130.2024
MinimumVisualStudioVersion = 10.0.40219.1
Project("{FAE04EC0-301F-11D3-BF4B-00C04F79EFBC}") = "NashWebApp", "NashWebApp\NashWebApp.csproj", "{50BDDA4B-A10E-421D-A0F0-EA99F8B45789}"
EndProject
Project("{FAE04EC0-301F-11D3-BF4B-00C04F79EFBC}") = "NashLibrary", "NashLibrary\NashLibrary.csproj", "{3070A26B-5331-4B9C-B670-49F273E8FAAC}"
EndProject
Project("{FAE04EC0-301F-11D3-BF4B-00C04F79EFBC}") = "NashLibraryTest", "NashLibraryTest\NashLibraryTest.csproj", "{8CAEB5B2-96FA-40E6-A809-4F27B9E1F7AE}"
EndProject
Global
	GlobalSection(SolutionConfigurationPlatforms) = preSolution
		Debug|Any CPU = Debug|Any CPU
		Release|Any CPU = Release|Any CPU
	EndGlobalSection
	GlobalSection(ProjectConfigurationPlatforms) = postSolution
		{50BDDA4B-A10E-421D-A0F0-EA99F8B45789}.Debug|Any CPU.ActiveCfg = Debug|Any CPU
		{50BDDA4B-A10E-421D-A0F0-EA99F8B45789}.Debug|Any CPU.Build.0 = Debug|Any CPU
		{50BDDA4B-A10E-421D-A0F0-EA99F8B45789}.Release|Any CPU.ActiveCfg = Release|Any CPU
		{50BDDA4B-A10E-421D-A0F0-EA99F8B45789}.Release|Any CPU.Build.0 = Release|Any CPU
		{3070A26B-5331-4B9C-B670-49F273E8FAAC}.Debug|Any CPU.ActiveCfg = Debug|Any CPU
		{3070A26B-5331-4B9C-B670-49F273E8FAAC}.Debug|Any CPU.Build.0 = Debug|Any CPU
		{3070A26B-5331-4B9C-B670-49F273E8FAAC}.Release|Any CPU.ActiveCfg = Release|Any CPU
		{3070A26B-5331-4B9C-B670-49F273E8FAAC}.Release|Any CPU.Build.0 = Release|Any CPU
		{8CAEB5B2-96FA-40E6-A809-4F27B9E1F7AE}.Debug|Any CPU.ActiveCfg = Debug|Any CPU
		{8CAEB5B2-96FA-40E6-A809-4F27B9E1F7AE}.Debug|Any CPU.Build.0 = Debug|Any CPU
		{8CAEB5B2-96FA-40E6-A809-4F27B9E1F7AE}.Release|Any CPU.ActiveCfg = Release|Any CPU
		{8CAEB5B2-96FA-40E6-A809-4F27B9E1F7AE}.Release|Any CPU.Build.0 = Release|Any CPU
	EndGlobalSection
	GlobalSection(SolutionProperties) = preSolution
		HideSolutionNode = FALSE
	EndGlobalSection
	GlobalSection(ExtensibilityGlobals) = postSolution
		SolutionGuid = {348BBC94-00AE-4694-9073-7EB14A1A54A7}
	EndGlobalSection
EndGlobal
